
Microsoft Visual Studio Solution File, Format Version 12.00
# Visual Studio Version 16
VisualStudioVersion = 16.0.32428.217
MinimumVisualStudioVersion = 10.0.40219.1
Project("{9A19103F-16F7-4668-BE54-9A1E7A4F7556}") = "KampIntro", "KampIntro\KampIntro.csproj", "{E486985F-2FDC-4545-9EA0-385D9888407E}"
EndProject
Project("{9A19103F-16F7-4668-BE54-9A1E7A4F7556}") = "Donguler", "Donguler\Donguler.csproj", "{92FDE03D-ED42-4DE5-9A88-8984B556696A}"
EndProject
Project("{9A19103F-16F7-4668-BE54-9A1E7A4F7556}") = "ClassIntro", "ClassIntro\ClassIntro.csproj", "{29D647F6-27F8-46C2-BE72-F22182FE0A7B}"
EndProject
Project("{FAE04EC0-301F-11D3-BF4B-00C04F79EFBC}") = "Metotlar", "Metotlar\Metotlar.csproj", "{C2ED3D14-5515-471C-A26D-3EE4089497BE}"
EndProject
Project("{FAE04EC0-301F-11D3-BF4B-00C04F79EFBC}") = "Matematik", "Matematik\Matematik.csproj", "{4A1138DC-3240-4F4C-8731-78D1F769EB37}"
EndProject
Project("{FAE04EC0-301F-11D3-BF4B-00C04F79EFBC}") = "DegerVeReferansTipler", "DegerVeReferansTipler\DegerVeReferansTipler.csproj", "{4E57F208-E46C-42F4-AAD7-23BD842E0EE3}"
EndProject
Global
	GlobalSection(SolutionConfigurationPlatforms) = preSolution
		Debug|Any CPU = Debug|Any CPU
		Release|Any CPU = Release|Any CPU
	EndGlobalSection
	GlobalSection(ProjectConfigurationPlatforms) = postSolution
		{E486985F-2FDC-4545-9EA0-385D9888407E}.Debug|Any CPU.ActiveCfg = Debug|Any CPU
		{E486985F-2FDC-4545-9EA0-385D9888407E}.Debug|Any CPU.Build.0 = Debug|Any CPU
		{E486985F-2FDC-4545-9EA0-385D9888407E}.Release|Any CPU.ActiveCfg = Release|Any CPU
		{E486985F-2FDC-4545-9EA0-385D9888407E}.Release|Any CPU.Build.0 = Release|Any CPU
		{92FDE03D-ED42-4DE5-9A88-8984B556696A}.Debug|Any CPU.ActiveCfg = Debug|Any CPU
		{92FDE03D-ED42-4DE5-9A88-8984B556696A}.Debug|Any CPU.Build.0 = Debug|Any CPU
		{92FDE03D-ED42-4DE5-9A88-8984B556696A}.Release|Any CPU.ActiveCfg = Release|Any CPU
		{92FDE03D-ED42-4DE5-9A88-8984B556696A}.Release|Any CPU.Build.0 = Release|Any CPU
		{29D647F6-27F8-46C2-BE72-F22182FE0A7B}.Debug|Any CPU.ActiveCfg = Debug|Any CPU
		{29D647F6-27F8-46C2-BE72-F22182FE0A7B}.Debug|Any CPU.Build.0 = Debug|Any CPU
		{29D647F6-27F8-46C2-BE72-F22182FE0A7B}.Release|Any CPU.ActiveCfg = Release|Any CPU
		{29D647F6-27F8-46C2-BE72-F22182FE0A7B}.Release|Any CPU.Build.0 = Release|Any CPU
		{C2ED3D14-5515-471C-A26D-3EE4089497BE}.Debug|Any CPU.ActiveCfg = Debug|Any CPU
		{C2ED3D14-5515-471C-A26D-3EE4089497BE}.Debug|Any CPU.Build.0 = Debug|Any CPU
		{C2ED3D14-5515-471C-A26D-3EE4089497BE}.Release|Any CPU.ActiveCfg = Release|Any CPU
		{C2ED3D14-5515-471C-A26D-3EE4089497BE}.Release|Any CPU.Build.0 = Release|Any CPU
		{4A1138DC-3240-4F4C-8731-78D1F769EB37}.Debug|Any CPU.ActiveCfg = Debug|Any CPU
		{4A1138DC-3240-4F4C-8731-78D1F769EB37}.Debug|Any CPU.Build.0 = Debug|Any CPU
		{4A1138DC-3240-4F4C-8731-78D1F769EB37}.Release|Any CPU.ActiveCfg = Release|Any CPU
		{4A1138DC-3240-4F4C-8731-78D1F769EB37}.Release|Any CPU.Build.0 = Release|Any CPU
		{4E57F208-E46C-42F4-AAD7-23BD842E0EE3}.Debug|Any CPU.ActiveCfg = Debug|Any CPU
		{4E57F208-E46C-42F4-AAD7-23BD842E0EE3}.Debug|Any CPU.Build.0 = Debug|Any CPU
		{4E57F208-E46C-42F4-AAD7-23BD842E0EE3}.Release|Any CPU.ActiveCfg = Release|Any CPU
		{4E57F208-E46C-42F4-AAD7-23BD842E0EE3}.Release|Any CPU.Build.0 = Release|Any CPU
	EndGlobalSection
	GlobalSection(SolutionProperties) = preSolution
		HideSolutionNode = FALSE
	EndGlobalSection
	GlobalSection(ExtensibilityGlobals) = postSolution
		SolutionGuid = {A650FCCE-0F93-4A72-9C0B-EBE65C45416B}
	EndGlobalSection
EndGlobal
